
Microsoft Visual Studio Solution File, Format Version 12.00
# Visual Studio 15
VisualStudioVersion = 15.0.28307.645
MinimumVisualStudioVersion = 10.0.40219.1
Project("{8BC9CEB8-8B4A-11D0-8D11-00A0C91BC942}") = "LinuxNetWork", "LinuxNetWork\LinuxNetWork.vcxproj", "{03F60D7C-F15A-4598-A89A-CFEC8B63AD0F}"
EndProject
Project("{8BC9CEB8-8B4A-11D0-8D11-00A0C91BC942}") = "TCPServer", "TCPServer\TCPServer.vcxproj", "{E3D11C14-A197-4FA3-9962-12B4D6244924}"
EndProject
Project("{8BC9CEB8-8B4A-11D0-8D11-00A0C91BC942}") = "Sample-Test1", "Sample-Test1\Sample-Test1.vcxproj", "{1FB64FA7-0BFC-46AC-9340-71D1B9F32245}"
EndProject
Global
	GlobalSection(SolutionConfigurationPlatforms) = preSolution
		Debug|ARM = Debug|ARM
		Debug|ARM64 = Debug|ARM64
		Debug|x64 = Debug|x64
		Debug|x86 = Debug|x86
		Release|ARM = Release|ARM
		Release|ARM64 = Release|ARM64
		Release|x64 = Release|x64
		Release|x86 = Release|x86
	EndGlobalSection
	GlobalSection(ProjectConfigurationPlatforms) = postSolution
		{03F60D7C-F15A-4598-A89A-CFEC8B63AD0F}.Debug|ARM.ActiveCfg = Debug|ARM
		{03F60D7C-F15A-4598-A89A-CFEC8B63AD0F}.Debug|ARM.Build.0 = Debug|ARM
		{03F60D7C-F15A-4598-A89A-CFEC8B63AD0F}.Debug|ARM64.ActiveCfg = Debug|ARM64
		{03F60D7C-F15A-4598-A89A-CFEC8B63AD0F}.Debug|ARM64.Build.0 = Debug|ARM64
		{03F60D7C-F15A-4598-A89A-CFEC8B63AD0F}.Debug|x64.ActiveCfg = Debug|x64
		{03F60D7C-F15A-4598-A89A-CFEC8B63AD0F}.Debug|x64.Build.0 = Debug|x64
		{03F60D7C-F15A-4598-A89A-CFEC8B63AD0F}.Debug|x86.ActiveCfg = Debug|x86
		{03F60D7C-F15A-4598-A89A-CFEC8B63AD0F}.Debug|x86.Build.0 = Debug|x86
		{03F60D7C-F15A-4598-A89A-CFEC8B63AD0F}.Release|ARM.ActiveCfg = Release|ARM
		{03F60D7C-F15A-4598-A89A-CFEC8B63AD0F}.Release|ARM.Build.0 = Release|ARM
		{03F60D7C-F15A-4598-A89A-CFEC8B63AD0F}.Release|ARM64.ActiveCfg = Release|ARM64
		{03F60D7C-F15A-4598-A89A-CFEC8B63AD0F}.Release|ARM64.Build.0 = Release|ARM64
		{03F60D7C-F15A-4598-A89A-CFEC8B63AD0F}.Release|x64.ActiveCfg = Release|x64
		{03F60D7C-F15A-4598-A89A-CFEC8B63AD0F}.Release|x64.Build.0 = Release|x64
		{03F60D7C-F15A-4598-A89A-CFEC8B63AD0F}.Release|x86.ActiveCfg = Release|x86
		{03F60D7C-F15A-4598-A89A-CFEC8B63AD0F}.Release|x86.Build.0 = Release|x86
		{E3D11C14-A197-4FA3-9962-12B4D6244924}.Debug|ARM.ActiveCfg = Debug|ARM
		{E3D11C14-A197-4FA3-9962-12B4D6244924}.Debug|ARM.Build.0 = Debug|ARM
		{E3D11C14-A197-4FA3-9962-12B4D6244924}.Debug|ARM64.ActiveCfg = Debug|ARM64
		{E3D11C14-A197-4FA3-9962-12B4D6244924}.Debug|ARM64.Build.0 = Debug|ARM64
		{E3D11C14-A197-4FA3-9962-12B4D6244924}.Debug|x64.ActiveCfg = Debug|x64
		{E3D11C14-A197-4FA3-9962-12B4D6244924}.Debug|x64.Build.0 = Debug|x64
		{E3D11C14-A197-4FA3-9962-12B4D6244924}.Debug|x86.ActiveCfg = Debug|x86
		{E3D11C14-A197-4FA3-9962-12B4D6244924}.Debug|x86.Build.0 = Debug|x86
		{E3D11C14-A197-4FA3-9962-12B4D6244924}.Release|ARM.ActiveCfg = Release|ARM
		{E3D11C14-A197-4FA3-9962-12B4D6244924}.Release|ARM.Build.0 = Release|ARM
		{E3D11C14-A197-4FA3-9962-12B4D6244924}.Release|ARM64.ActiveCfg = Release|ARM64
		{E3D11C14-A197-4FA3-9962-12B4D6244924}.Release|ARM64.Build.0 = Release|ARM64
		{E3D11C14-A197-4FA3-9962-12B4D6244924}.Release|x64.ActiveCfg = Release|x64
		{E3D11C14-A197-4FA3-9962-12B4D6244924}.Release|x64.Build.0 = Release|x64
		{E3D11C14-A197-4FA3-9962-12B4D6244924}.Release|x86.ActiveCfg = Release|x86
		{E3D11C14-A197-4FA3-9962-12B4D6244924}.Release|x86.Build.0 = Release|x86
		{1FB64FA7-0BFC-46AC-9340-71D1B9F32245}.Debug|ARM.ActiveCfg = Debug|Win32
		{1FB64FA7-0BFC-46AC-9340-71D1B9F32245}.Debug|ARM64.ActiveCfg = Debug|Win32
		{1FB64FA7-0BFC-46AC-9340-71D1B9F32245}.Debug|x64.ActiveCfg = Debug|x64
		{1FB64FA7-0BFC-46AC-9340-71D1B9F32245}.Debug|x64.Build.0 = Debug|x64
		{1FB64FA7-0BFC-46AC-9340-71D1B9F32245}.Debug|x86.ActiveCfg = Debug|Win32
		{1FB64FA7-0BFC-46AC-9340-71D1B9F32245}.Debug|x86.Build.0 = Debug|Win32
		{1FB64FA7-0BFC-46AC-9340-71D1B9F32245}.Release|ARM.ActiveCfg = Release|Win32
		{1FB64FA7-0BFC-46AC-9340-71D1B9F32245}.Release|ARM64.ActiveCfg = Release|Win32
		{1FB64FA7-0BFC-46AC-9340-71D1B9F32245}.Release|x64.ActiveCfg = Release|x64
		{1FB64FA7-0BFC-46AC-9340-71D1B9F32245}.Release|x64.Build.0 = Release|x64
		{1FB64FA7-0BFC-46AC-9340-71D1B9F32245}.Release|x86.ActiveCfg = Release|Win32
		{1FB64FA7-0BFC-46AC-9340-71D1B9F32245}.Release|x86.Build.0 = Release|Win32
	EndGlobalSection
	GlobalSection(SolutionProperties) = preSolution
		HideSolutionNode = FALSE
	EndGlobalSection
	GlobalSection(ExtensibilityGlobals) = postSolution
		SolutionGuid = {FFA32A59-85F7-446A-A83C-9E3CBC11093B}
	EndGlobalSection
EndGlobal
